
Microsoft Visual Studio Solution File, Format Version 12.00
# Visual Studio Version 17
VisualStudioVersion = 17.3.32929.385
MinimumVisualStudioVersion = 10.0.40219.1
Project("{FAE04EC0-301F-11D3-BF4B-00C04F79EFBC}") = "project 2", "project 2.csproj", "{09B6AB6D-223C-4293-BCEC-A38CC5318557}"
EndProject
Global
	GlobalSection(SolutionConfigurationPlatforms) = preSolution
		Debug|Any CPU = Debug|Any CPU
		Release|Any CPU = Release|Any CPU
	EndGlobalSection
	GlobalSection(ProjectConfigurationPlatforms) = postSolution
		{09B6AB6D-223C-4293-BCEC-A38CC5318557}.Debug|Any CPU.ActiveCfg = Debug|Any CPU
		{09B6AB6D-223C-4293-BCEC-A38CC5318557}.Debug|Any CPU.Build.0 = Debug|Any CPU
		{09B6AB6D-223C-4293-BCEC-A38CC5318557}.Release|Any CPU.ActiveCfg = Release|Any CPU
		{09B6AB6D-223C-4293-BCEC-A38CC5318557}.Release|Any CPU.Build.0 = Release|Any CPU
	EndGlobalSection
	GlobalSection(SolutionProperties) = preSolution
		HideSolutionNode = FALSE
	EndGlobalSection
	GlobalSection(ExtensibilityGlobals) = postSolution
		SolutionGuid = {00FF755E-5D8D-4BCA-8923-37C1D7907B14}
	EndGlobalSection
EndGlobal
